// !$*UTF8*$!
{
	archiveVersion = 1;
	classes = {
	};
	objectVersion = 55;
	objects = {

/* Begin PBXBuildFile section */
		BDBC1E8027EEC8FE0038110C /* AppDelegate.swift in Sources */ = {isa = PBXBuildFile; fileRef = BDBC1E7F27EEC8FE0038110C /* AppDelegate.swift */; };
		BDBC1E8227EEC8FE0038110C /* SceneDelegate.swift in Sources */ = {isa = PBXBuildFile; fileRef = BDBC1E8127EEC8FE0038110C /* SceneDelegate.swift */; };
		BDBC1E8427EEC8FE0038110C /* PersonsListTableViewController.swift in Sources */ = {isa = PBXBuildFile; fileRef = BDBC1E8327EEC8FE0038110C /* PersonsListTableViewController.swift */; };
		BDBC1E8727EEC8FE0038110C /* Main.storyboard in Resources */ = {isa = PBXBuildFile; fileRef = BDBC1E8527EEC8FE0038110C /* Main.storyboard */; };
		BDBC1E8927EEC8FF0038110C /* Assets.xcassets in Resources */ = {isa = PBXBuildFile; fileRef = BDBC1E8827EEC8FF0038110C /* Assets.xcassets */; };
		BDBC1E8C27EEC8FF0038110C /* LaunchScreen.storyboard in Resources */ = {isa = PBXBuildFile; fileRef = BDBC1E8A27EEC8FF0038110C /* LaunchScreen.storyboard */; };
		BDBC1E9927EEDE6C0038110C /* Person.swift in Sources */ = {isa = PBXBuildFile; fileRef = BDBC1E9827EEDE6C0038110C /* Person.swift */; };
		BDBC1E9C27EEDFC00038110C /* DataManager.swift in Sources */ = {isa = PBXBuildFile; fileRef = BDBC1E9B27EEDFC00038110C /* DataManager.swift */; };
		BDBC1E9E27EEEBA50038110C /* DetailPersonViewController.swift in Sources */ = {isa = PBXBuildFile; fileRef = BDBC1E9D27EEEBA50038110C /* DetailPersonViewController.swift */; };
		BDBC1EA227EF4A000038110C /* PersonSectionTableViewController.swift in Sources */ = {isa = PBXBuildFile; fileRef = BDBC1EA127EF4A000038110C /* PersonSectionTableViewController.swift */; };
		BDBC1EA427EF74C80038110C /* TabBarViewController.swift in Sources */ = {isa = PBXBuildFile; fileRef = BDBC1EA327EF74C80038110C /* TabBarViewController.swift */; };
/* End PBXBuildFile section */

/* Begin PBXFileReference section */
		BDBC1E7C27EEC8FE0038110C /* PersonsList.app */ = {isa = PBXFileReference; explicitFileType = wrapper.application; includeInIndex = 0; path = PersonsList.app; sourceTree = BUILT_PRODUCTS_DIR; };
		BDBC1E7F27EEC8FE0038110C /* AppDelegate.swift */ = {isa = PBXFileReference; lastKnownFileType = sourcecode.swift; path = AppDelegate.swift; sourceTree = "<group>"; };
		BDBC1E8127EEC8FE0038110C /* SceneDelegate.swift */ = {isa = PBXFileReference; lastKnownFileType = sourcecode.swift; path = SceneDelegate.swift; sourceTree = "<group>"; };
		BDBC1E8327EEC8FE0038110C /* PersonsListTableViewController.swift */ = {isa = PBXFileReference; lastKnownFileType = sourcecode.swift; path = PersonsListTableViewController.swift; sourceTree = "<group>"; };
		BDBC1E8627EEC8FE0038110C /* Base */ = {isa = PBXFileReference; lastKnownFileType = file.storyboard; name = Base; path = Base.lproj/Main.storyboard; sourceTree = "<group>"; };
		BDBC1E8827EEC8FF0038110C /* Assets.xcassets */ = {isa = PBXFileReference; lastKnownFileType = folder.assetcatalog; path = Assets.xcassets; sourceTree = "<group>"; };
		BDBC1E8B27EEC8FF0038110C /* Base */ = {isa = PBXFileReference; lastKnownFileType = file.storyboard; name = Base; path = Base.lproj/LaunchScreen.storyboard; sourceTree = "<group>"; };
		BDBC1E8D27EEC8FF0038110C /* Info.plist */ = {isa = PBXFileReference; lastKnownFileType = text.plist.xml; path = Info.plist; sourceTree = "<group>"; };
		BDBC1E9827EEDE6C0038110C /* Person.swift */ = {isa = PBXFileReference; lastKnownFileType = sourcecode.swift; path = Person.swift; sourceTree = "<group>"; };
		BDBC1E9B27EEDFC00038110C /* DataManager.swift */ = {isa = PBXFileReference; lastKnownFileType = sourcecode.swift; path = DataManager.swift; sourceTree = "<group>"; };
		BDBC1E9D27EEEBA50038110C /* DetailPersonViewController.swift */ = {isa = PBXFileReference; lastKnownFileType = sourcecode.swift; path = DetailPersonViewController.swift; sourceTree = "<group>"; };
		BDBC1EA127EF4A000038110C /* PersonSectionTableViewController.swift */ = {isa = PBXFileReference; lastKnownFileType = sourcecode.swift; path = PersonSectionTableViewController.swift; sourceTree = "<group>"; };
		BDBC1EA327EF74C80038110C /* TabBarViewController.swift */ = {isa = PBXFileReference; lastKnownFileType = sourcecode.swift; path = TabBarViewController.swift; sourceTree = "<group>"; };
/* End PBXFileReference section */

/* Begin PBXFrameworksBuildPhase section */
		BDBC1E7927EEC8FE0038110C /* Frameworks */ = {
			isa = PBXFrameworksBuildPhase;
			buildActionMask = 2147483647;
			files = (
			);
			runOnlyForDeploymentPostprocessing = 0;
		};
/* End PBXFrameworksBuildPhase section */

/* Begin PBXGroup section */
		BDBC1E7327EEC8FE0038110C = {
			isa = PBXGroup;
			children = (
				BDBC1E7E27EEC8FE0038110C /* PersonsList */,
				BDBC1E7D27EEC8FE0038110C /* Products */,
			);
			sourceTree = "<group>";
		};
		BDBC1E7D27EEC8FE0038110C /* Products */ = {
			isa = PBXGroup;
			children = (
				BDBC1E7C27EEC8FE0038110C /* PersonsList.app */,
			);
			name = Products;
			sourceTree = "<group>";
		};
		BDBC1E7E27EEC8FE0038110C /* PersonsList */ = {
			isa = PBXGroup;
			children = (
				BDBC1E9527EECA190038110C /* ViewControllers */,
				BDBC1E9727EECA530038110C /* Models */,
				BDBC1E9A27EEDF970038110C /* Services */,
				BDBC1E9327EEC9F60038110C /* Storyboards */,
				BDBC1E9627EECA2B0038110C /* App */,
				BDBC1E9427EECA050038110C /* Resurces */,
			);
			path = PersonsList;
			sourceTree = "<group>";
		};
		BDBC1E9327EEC9F60038110C /* Storyboards */ = {
			isa = PBXGroup;
			children = (
				BDBC1E8527EEC8FE0038110C /* Main.storyboard */,
				BDBC1E8A27EEC8FF0038110C /* LaunchScreen.storyboard */,
			);
			path = Storyboards;
			sourceTree = "<group>";
		};
		BDBC1E9427EECA050038110C /* Resurces */ = {
			isa = PBXGroup;
			children = (
				BDBC1E8827EEC8FF0038110C /* Assets.xcassets */,
			);
			path = Resurces;
			sourceTree = "<group>";
		};
		BDBC1E9527EECA190038110C /* ViewControllers */ = {
			isa = PBXGroup;
			children = (
				BDBC1E8327EEC8FE0038110C /* PersonsListTableViewController.swift */,
				BDBC1E9D27EEEBA50038110C /* DetailPersonViewController.swift */,
				BDBC1EA127EF4A000038110C /* PersonSectionTableViewController.swift */,
				BDBC1EA327EF74C80038110C /* TabBarViewController.swift */,
			);
			path = ViewControllers;
			sourceTree = "<group>";
		};
		BDBC1E9627EECA2B0038110C /* App */ = {
			isa = PBXGroup;
			children = (
				BDBC1E7F27EEC8FE0038110C /* AppDelegate.swift */,
				BDBC1E8127EEC8FE0038110C /* SceneDelegate.swift */,
				BDBC1E8D27EEC8FF0038110C /* Info.plist */,
			);
			path = App;
			sourceTree = "<group>";
		};
		BDBC1E9727EECA530038110C /* Models */ = {
			isa = PBXGroup;
			children = (
				BDBC1E9827EEDE6C0038110C /* Person.swift */,
			);
			path = Models;
			sourceTree = "<group>";
		};
		BDBC1E9A27EEDF970038110C /* Services */ = {
			isa = PBXGroup;
			children = (
				BDBC1E9B27EEDFC00038110C /* DataManager.swift */,
			);
			path = Services;
			sourceTree = "<group>";
		};
/* End PBXGroup section */

/* Begin PBXNativeTarget section */
		BDBC1E7B27EEC8FE0038110C /* PersonsList */ = {
			isa = PBXNativeTarget;
			buildConfigurationList = BDBC1E9027EEC8FF0038110C /* Build configuration list for PBXNativeTarget "PersonsList" */;
			buildPhases = (
				BDBC1E7827EEC8FE0038110C /* Sources */,
				BDBC1E7927EEC8FE0038110C /* Frameworks */,
				BDBC1E7A27EEC8FE0038110C /* Resources */,
			);
			buildRules = (
			);
			dependencies = (
			);
			name = PersonsList;
			productName = PersonsList;
			productReference = BDBC1E7C27EEC8FE0038110C /* PersonsList.app */;
			productType = "com.apple.product-type.application";
		};
/* End PBXNativeTarget section */

/* Begin PBXProject section */
		BDBC1E7427EEC8FE0038110C /* Project object */ = {
			isa = PBXProject;
			attributes = {
				BuildIndependentTargetsInParallel = 1;
				LastSwiftUpdateCheck = 1320;
				LastUpgradeCheck = 1320;
				TargetAttributes = {
					BDBC1E7B27EEC8FE0038110C = {
						CreatedOnToolsVersion = 13.2.1;
					};
				};
			};
			buildConfigurationList = BDBC1E7727EEC8FE0038110C /* Build configuration list for PBXProject "PersonsList" */;
			compatibilityVersion = "Xcode 13.0";
			developmentRegion = en;
			hasScannedForEncodings = 0;
			knownRegions = (
				en,
				Base,
			);
			mainGroup = BDBC1E7327EEC8FE0038110C;
			productRefGroup = BDBC1E7D27EEC8FE0038110C /* Products */;
			projectDirPath = "";
			projectRoot = "";
			targets = (
				BDBC1E7B27EEC8FE0038110C /* PersonsList */,
			);
		};
/* End PBXProject section */

/* Begin PBXResourcesBuildPhase section */
		BDBC1E7A27EEC8FE0038110C /* Resources */ = {
			isa = PBXResourcesBuildPhase;
			buildActionMask = 2147483647;
			files = (
				BDBC1E8C27EEC8FF0038110C /* LaunchScreen.storyboard in Resources */,
				BDBC1E8927EEC8FF0038110C /* Assets.xcassets in Resources */,
				BDBC1E8727EEC8FE0038110C /* Main.storyboard in Resources */,
			);
			runOnlyForDeploymentPostprocessing = 0;
		};
/* End PBXResourcesBuildPhase section */

/* Begin PBXSourcesBuildPhase section */
		BDBC1E7827EEC8FE0038110C /* Sources */ = {
			isa = PBXSourcesBuildPhase;
			buildActionMask = 2147483647;
			files = (
				BDBC1EA427EF74C80038110C /* TabBarViewController.swift in Sources */,
				BDBC1E8427EEC8FE0038110C /* PersonsListTableViewController.swift in Sources */,
				BDBC1E9C27EEDFC00038110C /* DataManager.swift in Sources */,
				BDBC1E9E27EEEBA50038110C /* DetailPersonViewController.swift in Sources */,
				BDBC1EA227EF4A000038110C /* PersonSectionTableViewController.swift in Sources */,
				BDBC1E8027EEC8FE0038110C /* AppDelegate.swift in Sources */,
				BDBC1E9927EEDE6C0038110C /* Person.swift in Sources */,
				BDBC1E8227EEC8FE0038110C /* SceneDelegate.swift in Sources */,
			);
			runOnlyForDeploymentPostprocessing = 0;
		};
/* End PBXSourcesBuildPhase section */

/* Begin PBXVariantGroup section */
		BDBC1E8527EEC8FE0038110C /* Main.storyboard */ = {
			isa = PBXVariantGroup;
			children = (
				BDBC1E8627EEC8FE0038110C /* Base */,
			);
			name = Main.storyboard;
			sourceTree = "<group>";
		};
		BDBC1E8A27EEC8FF0038110C /* LaunchScreen.storyboard */ = {
			isa = PBXVariantGroup;
			children = (
				BDBC1E8B27EEC8FF0038110C /* Base */,
			);
			name = LaunchScreen.storyboard;
			sourceTree = "<group>";
		};
/* End PBXVariantGroup section */

/* Begin XCBuildConfiguration section */
		BDBC1E8E27EEC8FF0038110C /* Debug */ = {
			isa = XCBuildConfiguration;
			buildSettings = {
				ALWAYS_SEARCH_USER_PATHS = NO;
				CLANG_ANALYZER_NONNULL = YES;
				CLANG_ANALYZER_NUMBER_OBJECT_CONVERSION = YES_AGGRESSIVE;
				CLANG_CXX_LANGUAGE_STANDARD = "gnu++17";
				CLANG_CXX_LIBRARY = "libc++";
				CLANG_ENABLE_MODULES = YES;
				CLANG_ENABLE_OBJC_ARC = YES;
				CLANG_ENABLE_OBJC_WEAK = YES;
				CLANG_WARN_BLOCK_CAPTURE_AUTORELEASING = YES;
				CLANG_WARN_BOOL_CONVERSION = YES;
				CLANG_WARN_COMMA = YES;
				CLANG_WARN_CONSTANT_CONVERSION = YES;
				CLANG_WARN_DEPRECATED_OBJC_IMPLEMENTATIONS = YES;
				CLANG_WARN_DIRECT_OBJC_ISA_USAGE = YES_ERROR;
				CLANG_WARN_DOCUMENTATION_COMMENTS = YES;
				CLANG_WARN_EMPTY_BODY = YES;
				CLANG_WARN_ENUM_CONVERSION = YES;
				CLANG_WARN_INFINITE_RECURSION = YES;
				CLANG_WARN_INT_CONVERSION = YES;
				CLANG_WARN_NON_LITERAL_NULL_CONVERSION = YES;
				CLANG_WARN_OBJC_IMPLICIT_RETAIN_SELF = YES;
				CLANG_WARN_OBJC_LITERAL_CONVERSION = YES;
				CLANG_WARN_OBJC_ROOT_CLASS = YES_ERROR;
				CLANG_WARN_QUOTED_INCLUDE_IN_FRAMEWORK_HEADER = YES;
				CLANG_WARN_RANGE_LOOP_ANALYSIS = YES;
				CLANG_WARN_STRICT_PROTOTYPES = YES;
				CLANG_WARN_SUSPICIOUS_MOVE = YES;
				CLANG_WARN_UNGUARDED_AVAILABILITY = YES_AGGRESSIVE;
				CLANG_WARN_UNREACHABLE_CODE = YES;
				CLANG_WARN__DUPLICATE_METHOD_MATCH = YES;
				COPY_PHASE_STRIP = NO;
				DEBUG_INFORMATION_FORMAT = dwarf;
				ENABLE_STRICT_OBJC_MSGSEND = YES;
				ENABLE_TESTABILITY = YES;
				GCC_C_LANGUAGE_STANDARD = gnu11;
				GCC_DYNAMIC_NO_PIC = NO;
				GCC_NO_COMMON_BLOCKS = YES;
				GCC_OPTIMIZATION_LEVEL = 0;
				GCC_PREPROCESSOR_DEFINITIONS = (
					"DEBUG=1",
					"$(inherited)",
				);
				GCC_WARN_64_TO_32_BIT_CONVERSION = YES;
				GCC_WARN_ABOUT_RETURN_TYPE = YES_ERROR;
				GCC_WARN_UNDECLARED_SELECTOR = YES;
				GCC_WARN_UNINITIALIZED_AUTOS = YES_AGGRESSIVE;
				GCC_WARN_UNUSED_FUNCTION = YES;
				GCC_WARN_UNUSED_VARIABLE = YES;
				IPHONEOS_DEPLOYMENT_TARGET = 15.2;
				MTL_ENABLE_DEBUG_INFO = INCLUDE_SOURCE;
				MTL_FAST_MATH = YES;
				ONLY_ACTIVE_ARCH = YES;
				SDKROOT = iphoneos;
				SWIFT_ACTIVE_COMPILATION_CONDITIONS = DEBUG;
				SWIFT_OPTIMIZATION_LEVEL = "-Onone";
			};
			name = Debug;
		};
		BDBC1E8F27EEC8FF0038110C /* Release */ = {
			isa = XCBuildConfiguration;
			buildSettings = {
				ALWAYS_SEARCH_USER_PATHS = NO;
				CLANG_ANALYZER_NONNULL = YES;
				CLANG_ANALYZER_NUMBER_OBJECT_CONVERSION = YES_AGGRESSIVE;
				CLANG_CXX_LANGUAGE_STANDARD = "gnu++17";
				CLANG_CXX_LIBRARY = "libc++";
				CLANG_ENABLE_MODULES = YES;
				CLANG_ENABLE_OBJC_ARC = YES;
				CLANG_ENABLE_OBJC_WEAK = YES;
				CLANG_WARN_BLOCK_CAPTURE_AUTORELEASING = YES;
				CLANG_WARN_BOOL_CONVERSION = YES;
				CLANG_WARN_COMMA = YES;
				CLANG_WARN_CONSTANT_CONVERSION = YES;
				CLANG_WARN_DEPRECATED_OBJC_IMPLEMENTATIONS = YES;
				CLANG_WARN_DIRECT_OBJC_ISA_USAGE = YES_ERROR;
				CLANG_WARN_DOCUMENTATION_COMMENTS = YES;
				CLANG_WARN_EMPTY_BODY = YES;
				CLANG_WARN_ENUM_CONVERSION = YES;
				CLANG_WARN_INFINITE_RECURSION = YES;
				CLANG_WARN_INT_CONVERSION = YES;
				CLANG_WARN_NON_LITERAL_NULL_CONVERSION = YES;
				CLANG_WARN_OBJC_IMPLICIT_RETAIN_SELF = YES;
				CLANG_WARN_OBJC_LITERAL_CONVERSION = YES;
				CLANG_WARN_OBJC_ROOT_CLASS = YES_ERROR;
				CLANG_WARN_QUOTED_INCLUDE_IN_FRAMEWORK_HEADER = YES;
				CLANG_WARN_RANGE_LOOP_ANALYSIS = YES;
				CLANG_WARN_STRICT_PROTOTYPES = YES;
				CLANG_WARN_SUSPICIOUS_MOVE = YES;
				CLANG_WARN_UNGUARDED_AVAILABILITY = YES_AGGRESSIVE;
				CLANG_WARN_UNREACHABLE_CODE = YES;
				CLANG_WARN__DUPLICATE_METHOD_MATCH = YES;
				COPY_PHASE_STRIP = NO;
				DEBUG_INFORMATION_FORMAT = "dwarf-with-dsym";
				ENABLE_NS_ASSERTIONS = NO;
				ENABLE_STRICT_OBJC_MSGSEND = YES;
				GCC_C_LANGUAGE_STANDARD = gnu11;
				GCC_NO_COMMON_BLOCKS = YES;
				GCC_WARN_64_TO_32_BIT_CONVERSION = YES;
				GCC_WARN_ABOUT_RETURN_TYPE = YES_ERROR;
				GCC_WARN_UNDECLARED_SELECTOR = YES;
				GCC_WARN_UNINITIALIZED_AUTOS = YES_AGGRESSIVE;
				GCC_WARN_UNUSED_FUNCTION = YES;
				GCC_WARN_UNUSED_VARIABLE = YES;
				IPHONEOS_DEPLOYMENT_TARGET = 15.2;
				MTL_ENABLE_DEBUG_INFO = NO;
				MTL_FAST_MATH = YES;
				SDKROOT = iphoneos;
				SWIFT_COMPILATION_MODE = wholemodule;
				SWIFT_OPTIMIZATION_LEVEL = "-O";
				VALIDATE_PRODUCT = YES;
			};
			name = Release;
		};
		BDBC1E9127EEC8FF0038110C /* Debug */ = {
			isa = XCBuildConfiguration;
			buildSettings = {
				ASSETCATALOG_COMPILER_APPICON_NAME = AppIcon;
				ASSETCATALOG_COMPILER_GLOBAL_ACCENT_COLOR_NAME = AccentColor;
				CODE_SIGN_STYLE = Automatic;
				CURRENT_PROJECT_VERSION = 1;
				DEVELOPMENT_TEAM = P745L5C6BY;
				GENERATE_INFOPLIST_FILE = YES;
				INFOPLIST_FILE = PersonsList/App/Info.plist;
				INFOPLIST_KEY_UIApplicationSupportsIndirectInputEvents = YES;
				INFOPLIST_KEY_UILaunchStoryboardName = LaunchScreen;
				INFOPLIST_KEY_UIMainStoryboardFile = Main;
				INFOPLIST_KEY_UISupportedInterfaceOrientations_iPad = "UIInterfaceOrientationPortrait UIInterfaceOrientationPortraitUpsideDown UIInterfaceOrientationLandscapeLeft UIInterfaceOrientationLandscapeRight";
				INFOPLIST_KEY_UISupportedInterfaceOrientations_iPhone = "UIInterfaceOrientationPortrait UIInterfaceOrientationLandscapeLeft UIInterfaceOrientationLandscapeRight";
				LD_RUNPATH_SEARCH_PATHS = (
					"$(inherited)",
					"@executable_path/Frameworks",
				);
				MARKETING_VERSION = 1.0;
				PRODUCT_BUNDLE_IDENTIFIER = Kvashnin.PersonsList;
				PRODUCT_NAME = "$(TARGET_NAME)";
				SWIFT_EMIT_LOC_STRINGS = YES;
				SWIFT_VERSION = 5.0;
				TARGETED_DEVICE_FAMILY = "1,2";
			};
			name = Debug;
		};
		BDBC1E9227EEC8FF0038110C /* Release */ = {
			isa = XCBuildConfiguration;
			buildSettings = {
				ASSETCATALOG_COMPILER_APPICON_NAME = AppIcon;
				ASSETCATALOG_COMPILER_GLOBAL_ACCENT_COLOR_NAME = AccentColor;
				CODE_SIGN_STYLE = Automatic;
				CURRENT_PROJECT_VERSION = 1;
				DEVELOPMENT_TEAM = P745L5C6BY;
				GENERATE_INFOPLIST_FILE = YES;
				INFOPLIST_FILE = PersonsList/App/Info.plist;
				INFOPLIST_KEY_UIApplicationSupportsIndirectInputEvents = YES;
				INFOPLIST_KEY_UILaunchStoryboardName = LaunchScreen;
				INFOPLIST_KEY_UIMainStoryboardFile = Main;
				INFOPLIST_KEY_UISupportedInterfaceOrientations_iPad = "UIInterfaceOrientationPortrait UIInterfaceOrientationPortraitUpsideDown UIInterfaceOrientationLandscapeLeft UIInterfaceOrientationLandscapeRight";
				INFOPLIST_KEY_UISupportedInterfaceOrientations_iPhone = "UIInterfaceOrientationPortrait UIInterfaceOrientationLandscapeLeft UIInterfaceOrientationLandscapeRight";
				LD_RUNPATH_SEARCH_PATHS = (
					"$(inherited)",
					"@executable_path/Frameworks",
				);
				MARKETING_VERSION = 1.0;
				PRODUCT_BUNDLE_IDENTIFIER = Kvashnin.PersonsList;
				PRODUCT_NAME = "$(TARGET_NAME)";
				SWIFT_EMIT_LOC_STRINGS = YES;
				SWIFT_VERSION = 5.0;
				TARGETED_DEVICE_FAMILY = "1,2";
			};
			name = Release;
		};
/* End XCBuildConfiguration section */

/* Begin XCConfigurationList section */
		BDBC1E7727EEC8FE0038110C /* Build configuration list for PBXProject "PersonsList" */ = {
			isa = XCConfigurationList;
			buildConfigurations = (
				BDBC1E8E27EEC8FF0038110C /* Debug */,
				BDBC1E8F27EEC8FF0038110C /* Release */,
			);
			defaultConfigurationIsVisible = 0;
			defaultConfigurationName = Release;
		};
		BDBC1E9027EEC8FF0038110C /* Build configuration list for PBXNativeTarget "PersonsList" */ = {
			isa = XCConfigurationList;
			buildConfigurations = (
				BDBC1E9127EEC8FF0038110C /* Debug */,
				BDBC1E9227EEC8FF0038110C /* Release */,
			);
			defaultConfigurationIsVisible = 0;
			defaultConfigurationName = Release;
		};
/* End XCConfigurationList section */
	};
	rootObject = BDBC1E7427EEC8FE0038110C /* Project object */;
}
